
Microsoft Visual Studio Solution File, Format Version 12.00
# Visual Studio Version 17
VisualStudioVersion = 17.4.33122.133
MinimumVisualStudioVersion = 10.0.40219.1
Project("{9A19103F-16F7-4668-BE54-9A1E7A4F7556}") = "Symfora", "Symfora\Symfora.csproj", "{A473DCCC-E44A-4CAE-9878-C93E5D15E47A}"
EndProject
Project("{9A19103F-16F7-4668-BE54-9A1E7A4F7556}") = "TripleS", "TripleS\TripleS.csproj", "{80E1A72A-E125-4261-9495-CD982AF5A5C5}"
EndProject
Global
	GlobalSection(SolutionConfigurationPlatforms) = preSolution
		Debug|Any CPU = Debug|Any CPU
		Release|Any CPU = Release|Any CPU
	EndGlobalSection
	GlobalSection(ProjectConfigurationPlatforms) = postSolution
		{A473DCCC-E44A-4CAE-9878-C93E5D15E47A}.Debug|Any CPU.ActiveCfg = Debug|Any CPU
		{A473DCCC-E44A-4CAE-9878-C93E5D15E47A}.Debug|Any CPU.Build.0 = Debug|Any CPU
		{A473DCCC-E44A-4CAE-9878-C93E5D15E47A}.Release|Any CPU.ActiveCfg = Release|Any CPU
		{A473DCCC-E44A-4CAE-9878-C93E5D15E47A}.Release|Any CPU.Build.0 = Release|Any CPU
		{80E1A72A-E125-4261-9495-CD982AF5A5C5}.Debug|Any CPU.ActiveCfg = Debug|Any CPU
		{80E1A72A-E125-4261-9495-CD982AF5A5C5}.Debug|Any CPU.Build.0 = Debug|Any CPU
		{80E1A72A-E125-4261-9495-CD982AF5A5C5}.Release|Any CPU.ActiveCfg = Release|Any CPU
		{80E1A72A-E125-4261-9495-CD982AF5A5C5}.Release|Any CPU.Build.0 = Release|Any CPU
	EndGlobalSection
	GlobalSection(SolutionProperties) = preSolution
		HideSolutionNode = FALSE
	EndGlobalSection
	GlobalSection(ExtensibilityGlobals) = postSolution
		SolutionGuid = {AE39C6F6-FD0B-4C3E-BD32-FA86FBC41451}
	EndGlobalSection
EndGlobal
